// !$*UTF8*$!
{
	archiveVersion = 1;
	classes = {
	};
	objectVersion = 56;
	objects = {

/* Begin PBXBuildFile section */
			B001 /* FlagCarriageApp.swift in Sources */ = {isa = PBXBuildFile; fileRef = A001 /* FlagCarriageApp.swift */; };
			B002 /* ContentView.swift in Sources */ = {isa = PBXBuildFile; fileRef = A002 /* ContentView.swift */; };
			B003 /* ConnectionManager.swift in Sources */ = {isa = PBXBuildFile; fileRef = A003 /* ConnectionManager.swift */; };
			B004 /* ProgramStore.swift in Sources */ = {isa = PBXBuildFile; fileRef = A004 /* ProgramStore.swift */; };
			B005 /* RunEngine.swift in Sources */ = {isa = PBXBuildFile; fileRef = A005 /* RunEngine.swift */; };
			B006 /* ConnectView.swift in Sources */ = {isa = PBXBuildFile; fileRef = A006 /* ConnectView.swift */; };
			B007 /* ManualView.swift in Sources */ = {isa = PBXBuildFile; fileRef = A007 /* ManualView.swift */; };
			B008 /* ProgramView.swift in Sources */ = {isa = PBXBuildFile; fileRef = A008 /* ProgramView.swift */; };
			B009 /* AutoView.swift in Sources */ = {isa = PBXBuildFile; fileRef = A009 /* AutoView.swift */; };
			B010 /* ProfileEditorView.swift in Sources */ = {isa = PBXBuildFile; fileRef = A010 /* ProfileEditorView.swift */; };
			B011 /* Assets.xcassets in Resources */ = {isa = PBXBuildFile; fileRef = A011 /* Assets.xcassets */; };
/* End PBXBuildFile section */

/* Begin PBXFileReference section */
			A000 /* FlagCarriage.app */ = {isa = PBXFileReference; explicitFileType = wrapper.application; includeInIndex = 0; path = FlagCarriage.app; sourceTree = BUILT_PRODUCTS_DIR; };
			A001 /* FlagCarriageApp.swift */ = {isa = PBXFileReference; lastKnownFileType = sourcecode.swift; path = FlagCarriageApp.swift; sourceTree = "<group>"; };
			A002 /* ContentView.swift */ = {isa = PBXFileReference; lastKnownFileType = sourcecode.swift; path = ContentView.swift; sourceTree = "<group>"; };
			A003 /* ConnectionManager.swift */ = {isa = PBXFileReference; lastKnownFileType = sourcecode.swift; path = ConnectionManager.swift; sourceTree = "<group>"; };
			A004 /* ProgramStore.swift */ = {isa = PBXFileReference; lastKnownFileType = sourcecode.swift; path = ProgramStore.swift; sourceTree = "<group>"; };
			A005 /* RunEngine.swift */ = {isa = PBXFileReference; lastKnownFileType = sourcecode.swift; path = RunEngine.swift; sourceTree = "<group>"; };
			A006 /* ConnectView.swift */ = {isa = PBXFileReference; lastKnownFileType = sourcecode.swift; path = ConnectView.swift; sourceTree = "<group>"; };
			A007 /* ManualView.swift */ = {isa = PBXFileReference; lastKnownFileType = sourcecode.swift; path = ManualView.swift; sourceTree = "<group>"; };
			A008 /* ProgramView.swift */ = {isa = PBXFileReference; lastKnownFileType = sourcecode.swift; path = ProgramView.swift; sourceTree = "<group>"; };
			A009 /* AutoView.swift */ = {isa = PBXFileReference; lastKnownFileType = sourcecode.swift; path = AutoView.swift; sourceTree = "<group>"; };
			A010 /* ProfileEditorView.swift */ = {isa = PBXFileReference; lastKnownFileType = sourcecode.swift; path = ProfileEditorView.swift; sourceTree = "<group>"; };
			A011 /* Assets.xcassets */ = {isa = PBXFileReference; lastKnownFileType = folder.assetcatalog; path = Assets.xcassets; sourceTree = "<group>"; };
			A012 /* Info.plist */ = {isa = PBXFileReference; lastKnownFileType = text.plist.xml; path = Info.plist; sourceTree = "<group>"; };
/* End PBXFileReference section */

/* Begin PBXGroup section */
			ROOTGROUP = {
				isa = PBXGroup;
				children = (
					MAINGROUP,
					PRODUCTS,
				);
				sourceTree = "<group>";
			};
			PRODUCTS = {
				isa = PBXGroup;
				children = (
					A000,
				);
				name = Products;
				sourceTree = "<group>";
			};
			MAINGROUP = {
				isa = PBXGroup;
				children = (
					A001,
					A002,
					MANAGERS,
					VIEWS,
					A011,
					A012,
				);
				path = FlagCarriage;
				sourceTree = "<group>";
			};
			MANAGERS = {
				isa = PBXGroup;
				children = (
					A003,
					A004,
					A005,
				);
				name = Managers;
				path = Managers;
				sourceTree = "<group>";
			};
			VIEWS = {
				isa = PBXGroup;
				children = (
					A006,
					A007,
					A008,
					A009,
					A010,
				);
				name = Views;
				path = Views;
				sourceTree = "<group>";
			};
/* End PBXGroup section */

/* Begin PBXNativeTarget section */
			TARGET1 = {
				isa = PBXNativeTarget;
				buildConfigurationList = TARGETCONFIGS;
				buildPhases = (
					SOURCES,
					RESOURCES,
				);
				buildRules = ();
				dependencies = ();
				name = FlagCarriage;
				productName = FlagCarriage;
				productReference = A000;
				productType = "com.apple.product-type.application";
			};
/* End PBXNativeTarget section */

/* Begin PBXProject section */
			PROJECT1 = {
				isa = PBXProject;
				attributes = {
					BuildIndependentTargetsInParallel = 1;
					LastSwiftUpdateCheck = 1500;
					LastUpgradeCheck = 1500;
					TargetAttributes = {
						TARGET1 = {
							CreatedOnToolsVersion = 15.0;
						};
					};
				};
				buildConfigurationList = PROJCONFIGS;
				compatibilityVersion = "Xcode 14.0";
				developmentRegion = en;
				hasScannedForEncodings = 0;
				knownRegions = (en, Base);
				mainGroup = ROOTGROUP;
				productRefGroup = PRODUCTS;
				projectDirPath = "";
				projectRoot = "";
				targets = (TARGET1);
			};
/* End PBXProject section */

/* Begin PBXResourcesBuildPhase section */
			RESOURCES = {
				isa = PBXResourcesBuildPhase;
				buildActionMask = 2147483647;
				files = (B011);
				runOnlyForDeploymentPostprocessing = 0;
			};
/* End PBXResourcesBuildPhase section */

/* Begin PBXSourcesBuildPhase section */
			SOURCES = {
				isa = PBXSourcesBuildPhase;
				buildActionMask = 2147483647;
				files = (B001, B002, B003, B004, B005, B006, B007, B008, B009, B010);
				runOnlyForDeploymentPostprocessing = 0;
			};
/* End PBXSourcesBuildPhase section */

/* Begin XCBuildConfiguration section */
			PROJDEBUG = {
				isa = XCBuildConfiguration;
				buildSettings = {
					ALWAYS_SEARCH_USER_PATHS = NO;
					CLANG_ANALYZER_NONNULL = YES;
					CLANG_CXX_LANGUAGE_STANDARD = "gnu++20";
					CLANG_ENABLE_MODULES = YES;
					CLANG_ENABLE_OBJC_ARC = YES;
					COPY_PHASE_STRIP = NO;
					DEBUG_INFORMATION_FORMAT = dwarf;
					ENABLE_STRICT_OBJC_MSGSEND = YES;
					ENABLE_TESTABILITY = YES;
					GCC_DYNAMIC_NO_PIC = NO;
					GCC_OPTIMIZATION_LEVEL = 0;
					GCC_PREPROCESSOR_DEFINITIONS = ("DEBUG=1", "$(inherited)");
					MTL_ENABLE_DEBUG_INFO = INCLUDE_SOURCE;
					MTL_FAST_MATH = YES;
					ONLY_ACTIVE_ARCH = YES;
					SDKROOT = iphoneos;
					SWIFT_ACTIVE_COMPILATION_CONDITIONS = DEBUG;
					SWIFT_OPTIMIZATION_LEVEL = "-Onone";
				};
				name = Debug;
			};
			PROJRELEASE = {
				isa = XCBuildConfiguration;
				buildSettings = {
					ALWAYS_SEARCH_USER_PATHS = NO;
					CLANG_ANALYZER_NONNULL = YES;
					CLANG_CXX_LANGUAGE_STANDARD = "gnu++20";
					CLANG_ENABLE_MODULES = YES;
					CLANG_ENABLE_OBJC_ARC = YES;
					COPY_PHASE_STRIP = NO;
					DEBUG_INFORMATION_FORMAT = "dwarf-with-dsym";
					ENABLE_NS_ASSERTIONS = NO;
					ENABLE_STRICT_OBJC_MSGSEND = YES;
					MTL_FAST_MATH = YES;
					SDKROOT = iphoneos;
					SWIFT_COMPILATION_MODE = wholemodule;
					SWIFT_OPTIMIZATION_LEVEL = "-O";
					VALIDATE_PRODUCT = YES;
				};
				name = Release;
			};
			TARGETDEBUG = {
				isa = XCBuildConfiguration;
				buildSettings = {
					ASCETIC_DEVELOPMENT_TEAM = "";
					CODE_SIGN_STYLE = Automatic;
					CURRENT_PROJECT_VERSION = 1;
					GENERATE_INFOPLIST_FILE = NO;
					INFOPLIST_FILE = FlagCarriage/Info.plist;
					IPHONEOS_DEPLOYMENT_TARGET = 16.0;
					MARKETING_VERSION = 1.0;
					PRODUCT_BUNDLE_IDENTIFIER = com.flagcarriage.app;
					PRODUCT_NAME = FlagCarriage;
					SDKROOT = iphoneos;
					SUPPORTED_PLATFORMS = "iphonesimulator iphoneos";
					SWIFT_EMIT_LOC_STRINGS = YES;
					SWIFT_VERSION = 5.0;
					TARGETED_DEVICE_FAMILY = "1,2";
				};
				name = Debug;
			};
			TARGETRELEASE = {
				isa = XCBuildConfiguration;
				buildSettings = {
					ASCETIC_DEVELOPMENT_TEAM = "";
					CODE_SIGN_STYLE = Automatic;
					CURRENT_PROJECT_VERSION = 1;
					GENERATE_INFOPLIST_FILE = NO;
					INFOPLIST_FILE = FlagCarriage/Info.plist;
					IPHONEOS_DEPLOYMENT_TARGET = 16.0;
					MARKETING_VERSION = 1.0;
					PRODUCT_BUNDLE_IDENTIFIER = com.flagcarriage.app;
					PRODUCT_NAME = FlagCarriage;
					SDKROOT = iphoneos;
					SUPPORTED_PLATFORMS = "iphonesimulator iphoneos";
					SWIFT_EMIT_LOC_STRINGS = YES;
					SWIFT_VERSION = 5.0;
					TARGETED_DEVICE_FAMILY = "1,2";
				};
				name = Release;
			};
/* End XCBuildConfiguration section */

/* Begin XCConfigurationList section */
			PROJCONFIGS = {
				isa = XCConfigurationList;
				buildConfigurations = (PROJDEBUG, PROJRELEASE);
				defaultConfigurationIsVisible = 0;
				defaultConfigurationName = Release;
			};
			TARGETCONFIGS = {
				isa = XCConfigurationList;
				buildConfigurations = (TARGETDEBUG, TARGETRELEASE);
				defaultConfigurationIsVisible = 0;
				defaultConfigurationName = Release;
			};
/* End XCConfigurationList section */

	};
	rootObject = PROJECT1;
}
